// !$*UTF8*$!
{
	archiveVersion = 1;
	classes = {
	};
	objectVersion = 46;
	objects = {

/* Begin PBXBuildFile section */
		4A1BEA181B41F58000ADC6CF /* ContactsViewController.m in Sources */ = {isa = PBXBuildFile; fileRef = 4A1BEA171B41F58000ADC6CF /* ContactsViewController.m */; };
		4A1BEA1B1B42F42200ADC6CF /* HomeViewController.m in Sources */ = {isa = PBXBuildFile; fileRef = 4A1BEA1A1B42F42200ADC6CF /* HomeViewController.m */; };
		4A1BEA1D1B42FC9B00ADC6CF /* Rolodex.jpg in Resources */ = {isa = PBXBuildFile; fileRef = 4A1BEA1C1B42FC9B00ADC6CF /* Rolodex.jpg */; };
		553759401B41C6AB006DBDA4 /* QRScannerViewController.m in Sources */ = {isa = PBXBuildFile; fileRef = 5537593F1B41C6AB006DBDA4 /* QRScannerViewController.m */; };
		5EB9F3431B41C1A500963598 /* main.m in Sources */ = {isa = PBXBuildFile; fileRef = 5EB9F3421B41C1A500963598 /* main.m */; };
		5EB9F3461B41C1A500963598 /* AppDelegate.m in Sources */ = {isa = PBXBuildFile; fileRef = 5EB9F3451B41C1A500963598 /* AppDelegate.m */; };
		5EB9F3491B41C1A500963598 /* ViewController.m in Sources */ = {isa = PBXBuildFile; fileRef = 5EB9F3481B41C1A500963598 /* ViewController.m */; };
		5EB9F34C1B41C1A500963598 /* Main.storyboard in Resources */ = {isa = PBXBuildFile; fileRef = 5EB9F34A1B41C1A500963598 /* Main.storyboard */; };
		5EB9F34E1B41C1A500963598 /* Images.xcassets in Resources */ = {isa = PBXBuildFile; fileRef = 5EB9F34D1B41C1A500963598 /* Images.xcassets */; };
		5EB9F3511B41C1A500963598 /* LaunchScreen.xib in Resources */ = {isa = PBXBuildFile; fileRef = 5EB9F34F1B41C1A500963598 /* LaunchScreen.xib */; };
		5EB9F35D1B41C1A500963598 /* RolodexTests.m in Sources */ = {isa = PBXBuildFile; fileRef = 5EB9F35C1B41C1A500963598 /* RolodexTests.m */; };
		6EBCEA921B4210050001BEF5 /* bitstream.c in Sources */ = {isa = PBXBuildFile; fileRef = 6EBCEA841B4210050001BEF5 /* bitstream.c */; };
		6EBCEA931B4210050001BEF5 /* mask.c in Sources */ = {isa = PBXBuildFile; fileRef = 6EBCEA861B4210050001BEF5 /* mask.c */; };
		6EBCEA941B4210050001BEF5 /* qrencode.c in Sources */ = {isa = PBXBuildFile; fileRef = 6EBCEA881B4210050001BEF5 /* qrencode.c */; };
		6EBCEA951B4210050001BEF5 /* qrinput.c in Sources */ = {isa = PBXBuildFile; fileRef = 6EBCEA8A1B4210050001BEF5 /* qrinput.c */; };
		6EBCEA961B4210050001BEF5 /* qrspec.c in Sources */ = {isa = PBXBuildFile; fileRef = 6EBCEA8C1B4210050001BEF5 /* qrspec.c */; };
		6EBCEA971B4210050001BEF5 /* rscode.c in Sources */ = {isa = PBXBuildFile; fileRef = 6EBCEA8E1B4210050001BEF5 /* rscode.c */; };
		6EBCEA981B4210050001BEF5 /* split.c in Sources */ = {isa = PBXBuildFile; fileRef = 6EBCEA901B4210050001BEF5 /* split.c */; };
		6EBCEA9B1B4216690001BEF5 /* UIImage+MDQRCode.m in Sources */ = {isa = PBXBuildFile; fileRef = 6EBCEA9A1B4216690001BEF5 /* UIImage+MDQRCode.m */; };
		6EE604251B42051100E7A053 /* QRCode-Info.plist in Resources */ = {isa = PBXBuildFile; fileRef = 6EE604231B42051100E7A053 /* QRCode-Info.plist */; };
		6EEBADF41B4206E2001A8D6C /* AddressBook.framework in Frameworks */ = {isa = PBXBuildFile; fileRef = 6ECCF5231B41EAEF00D9C701 /* AddressBook.framework */; };
		6EEBADF51B4206E2001A8D6C /* AddressBookUI.framework in Frameworks */ = {isa = PBXBuildFile; fileRef = 6ECCF5241B41EAEF00D9C701 /* AddressBookUI.framework */; };
/* End PBXBuildFile section */

/* Begin PBXContainerItemProxy section */
		5EB9F3571B41C1A500963598 /* PBXContainerItemProxy */ = {
			isa = PBXContainerItemProxy;
			containerPortal = 5EB9F3351B41C1A500963598 /* Project object */;
			proxyType = 1;
			remoteGlobalIDString = 5EB9F33C1B41C1A500963598;
			remoteInfo = Rolodex;
		};
/* End PBXContainerItemProxy section */

/* Begin PBXFileReference section */
		4A1BEA161B41F58000ADC6CF /* ContactsViewController.h */ = {isa = PBXFileReference; fileEncoding = 4; lastKnownFileType = sourcecode.c.h; path = ContactsViewController.h; sourceTree = "<group>"; };
		4A1BEA171B41F58000ADC6CF /* ContactsViewController.m */ = {isa = PBXFileReference; fileEncoding = 4; lastKnownFileType = sourcecode.c.objc; path = ContactsViewController.m; sourceTree = "<group>"; };
		4A1BEA191B42F42200ADC6CF /* HomeViewController.h */ = {isa = PBXFileReference; fileEncoding = 4; lastKnownFileType = sourcecode.c.h; path = HomeViewController.h; sourceTree = "<group>"; };
		4A1BEA1A1B42F42200ADC6CF /* HomeViewController.m */ = {isa = PBXFileReference; fileEncoding = 4; lastKnownFileType = sourcecode.c.objc; path = HomeViewController.m; sourceTree = "<group>"; };
		4A1BEA1C1B42FC9B00ADC6CF /* Rolodex.jpg */ = {isa = PBXFileReference; lastKnownFileType = image.jpeg; path = Rolodex.jpg; sourceTree = "<group>"; };
		5537593E1B41C6AB006DBDA4 /* QRScannerViewController.h */ = {isa = PBXFileReference; fileEncoding = 4; lastKnownFileType = sourcecode.c.h; path = QRScannerViewController.h; sourceTree = "<group>"; };
		5537593F1B41C6AB006DBDA4 /* QRScannerViewController.m */ = {isa = PBXFileReference; fileEncoding = 4; lastKnownFileType = sourcecode.c.objc; path = QRScannerViewController.m; sourceTree = "<group>"; };
		5EB9F33D1B41C1A500963598 /* Rolodex.app */ = {isa = PBXFileReference; explicitFileType = wrapper.application; includeInIndex = 0; path = Rolodex.app; sourceTree = BUILT_PRODUCTS_DIR; };
		5EB9F3411B41C1A500963598 /* Info.plist */ = {isa = PBXFileReference; lastKnownFileType = text.plist.xml; path = Info.plist; sourceTree = "<group>"; };
		5EB9F3421B41C1A500963598 /* main.m */ = {isa = PBXFileReference; lastKnownFileType = sourcecode.c.objc; path = main.m; sourceTree = "<group>"; };
		5EB9F3441B41C1A500963598 /* AppDelegate.h */ = {isa = PBXFileReference; lastKnownFileType = sourcecode.c.h; path = AppDelegate.h; sourceTree = "<group>"; };
		5EB9F3451B41C1A500963598 /* AppDelegate.m */ = {isa = PBXFileReference; lastKnownFileType = sourcecode.c.objc; path = AppDelegate.m; sourceTree = "<group>"; };
		5EB9F3471B41C1A500963598 /* ViewController.h */ = {isa = PBXFileReference; lastKnownFileType = sourcecode.c.h; path = ViewController.h; sourceTree = "<group>"; };
		5EB9F3481B41C1A500963598 /* ViewController.m */ = {isa = PBXFileReference; lastKnownFileType = sourcecode.c.objc; path = ViewController.m; sourceTree = "<group>"; };
		5EB9F34B1B41C1A500963598 /* Base */ = {isa = PBXFileReference; lastKnownFileType = file.storyboard; name = Base; path = Base.lproj/Main.storyboard; sourceTree = "<group>"; };
		5EB9F34D1B41C1A500963598 /* Images.xcassets */ = {isa = PBXFileReference; lastKnownFileType = folder.assetcatalog; path = Images.xcassets; sourceTree = "<group>"; };
		5EB9F3501B41C1A500963598 /* Base */ = {isa = PBXFileReference; lastKnownFileType = file.xib; name = Base; path = Base.lproj/LaunchScreen.xib; sourceTree = "<group>"; };
		5EB9F3561B41C1A500963598 /* RolodexTests.xctest */ = {isa = PBXFileReference; explicitFileType = wrapper.cfbundle; includeInIndex = 0; path = RolodexTests.xctest; sourceTree = BUILT_PRODUCTS_DIR; };
		5EB9F35B1B41C1A500963598 /* Info.plist */ = {isa = PBXFileReference; lastKnownFileType = text.plist.xml; path = Info.plist; sourceTree = "<group>"; };
		5EB9F35C1B41C1A500963598 /* RolodexTests.m */ = {isa = PBXFileReference; lastKnownFileType = sourcecode.c.objc; path = RolodexTests.m; sourceTree = "<group>"; };
		6EBCEA841B4210050001BEF5 /* bitstream.c */ = {isa = PBXFileReference; fileEncoding = 4; lastKnownFileType = sourcecode.c.c; path = bitstream.c; sourceTree = "<group>"; };
		6EBCEA851B4210050001BEF5 /* bitstream.h */ = {isa = PBXFileReference; fileEncoding = 4; lastKnownFileType = sourcecode.c.h; path = bitstream.h; sourceTree = "<group>"; };
		6EBCEA861B4210050001BEF5 /* mask.c */ = {isa = PBXFileReference; fileEncoding = 4; lastKnownFileType = sourcecode.c.c; path = mask.c; sourceTree = "<group>"; };
		6EBCEA871B4210050001BEF5 /* mask.h */ = {isa = PBXFileReference; fileEncoding = 4; lastKnownFileType = sourcecode.c.h; path = mask.h; sourceTree = "<group>"; };
		6EBCEA881B4210050001BEF5 /* qrencode.c */ = {isa = PBXFileReference; fileEncoding = 4; lastKnownFileType = sourcecode.c.c; path = qrencode.c; sourceTree = "<group>"; };
		6EBCEA891B4210050001BEF5 /* qrencode.h */ = {isa = PBXFileReference; fileEncoding = 4; lastKnownFileType = sourcecode.c.h; path = qrencode.h; sourceTree = "<group>"; };
		6EBCEA8A1B4210050001BEF5 /* qrinput.c */ = {isa = PBXFileReference; fileEncoding = 4; lastKnownFileType = sourcecode.c.c; path = qrinput.c; sourceTree = "<group>"; };
		6EBCEA8B1B4210050001BEF5 /* qrinput.h */ = {isa = PBXFileReference; fileEncoding = 4; lastKnownFileType = sourcecode.c.h; path = qrinput.h; sourceTree = "<group>"; };
		6EBCEA8C1B4210050001BEF5 /* qrspec.c */ = {isa = PBXFileReference; fileEncoding = 4; lastKnownFileType = sourcecode.c.c; path = qrspec.c; sourceTree = "<group>"; };
		6EBCEA8D1B4210050001BEF5 /* qrspec.h */ = {isa = PBXFileReference; fileEncoding = 4; lastKnownFileType = sourcecode.c.h; path = qrspec.h; sourceTree = "<group>"; };
		6EBCEA8E1B4210050001BEF5 /* rscode.c */ = {isa = PBXFileReference; fileEncoding = 4; lastKnownFileType = sourcecode.c.c; path = rscode.c; sourceTree = "<group>"; };
		6EBCEA8F1B4210050001BEF5 /* rscode.h */ = {isa = PBXFileReference; fileEncoding = 4; lastKnownFileType = sourcecode.c.h; path = rscode.h; sourceTree = "<group>"; };
		6EBCEA901B4210050001BEF5 /* split.c */ = {isa = PBXFileReference; fileEncoding = 4; lastKnownFileType = sourcecode.c.c; path = split.c; sourceTree = "<group>"; };
		6EBCEA911B4210050001BEF5 /* split.h */ = {isa = PBXFileReference; fileEncoding = 4; lastKnownFileType = sourcecode.c.h; path = split.h; sourceTree = "<group>"; };
		6EBCEA991B4216690001BEF5 /* UIImage+MDQRCode.h */ = {isa = PBXFileReference; fileEncoding = 4; lastKnownFileType = sourcecode.c.h; path = "UIImage+MDQRCode.h"; sourceTree = "<group>"; };
		6EBCEA9A1B4216690001BEF5 /* UIImage+MDQRCode.m */ = {isa = PBXFileReference; fileEncoding = 4; lastKnownFileType = sourcecode.c.objc; path = "UIImage+MDQRCode.m"; sourceTree = "<group>"; };
		6ECCF5231B41EAEF00D9C701 /* AddressBook.framework */ = {isa = PBXFileReference; lastKnownFileType = wrapper.framework; name = AddressBook.framework; path = System/Library/Frameworks/AddressBook.framework; sourceTree = SDKROOT; };
		6ECCF5241B41EAEF00D9C701 /* AddressBookUI.framework */ = {isa = PBXFileReference; lastKnownFileType = wrapper.framework; name = AddressBookUI.framework; path = System/Library/Frameworks/AddressBookUI.framework; sourceTree = SDKROOT; };
		6EE604231B42051100E7A053 /* QRCode-Info.plist */ = {isa = PBXFileReference; fileEncoding = 4; lastKnownFileType = text.plist.xml; name = "QRCode-Info.plist"; path = "../../../../Downloads/ios-qr-code-encoder-master/QRCode/QRCode-Info.plist"; sourceTree = "<group>"; };
/* End PBXFileReference section */

/* Begin PBXFrameworksBuildPhase section */
		5EB9F33A1B41C1A500963598 /* Frameworks */ = {
			isa = PBXFrameworksBuildPhase;
			buildActionMask = 2147483647;
			files = (
			);
			runOnlyForDeploymentPostprocessing = 0;
		};
		5EB9F3531B41C1A500963598 /* Frameworks */ = {
			isa = PBXFrameworksBuildPhase;
			buildActionMask = 2147483647;
			files = (
				6EEBADF41B4206E2001A8D6C /* AddressBook.framework in Frameworks */,
				6EEBADF51B4206E2001A8D6C /* AddressBookUI.framework in Frameworks */,
			);
			runOnlyForDeploymentPostprocessing = 0;
		};
/* End PBXFrameworksBuildPhase section */

/* Begin PBXGroup section */
		5EB9F3341B41C1A500963598 = {
			isa = PBXGroup;
			children = (
				6ECCF5231B41EAEF00D9C701 /* AddressBook.framework */,
				6ECCF5241B41EAEF00D9C701 /* AddressBookUI.framework */,
				5EB9F33F1B41C1A500963598 /* Rolodex */,
				5EB9F3591B41C1A500963598 /* RolodexTests */,
				5EB9F33E1B41C1A500963598 /* Products */,
			);
			sourceTree = "<group>";
		};
		5EB9F33E1B41C1A500963598 /* Products */ = {
			isa = PBXGroup;
			children = (
				5EB9F33D1B41C1A500963598 /* Rolodex.app */,
				5EB9F3561B41C1A500963598 /* RolodexTests.xctest */,
			);
			name = Products;
			sourceTree = "<group>";
		};
		5EB9F33F1B41C1A500963598 /* Rolodex */ = {
			isa = PBXGroup;
			children = (
				6EBCEA831B4210050001BEF5 /* libqrencode */,
				6EBCEA991B4216690001BEF5 /* UIImage+MDQRCode.h */,
				6EBCEA9A1B4216690001BEF5 /* UIImage+MDQRCode.m */,
				5EB9F3441B41C1A500963598 /* AppDelegate.h */,
				5EB9F3451B41C1A500963598 /* AppDelegate.m */,
				5EB9F3471B41C1A500963598 /* ViewController.h */,
				5EB9F3481B41C1A500963598 /* ViewController.m */,
				5537593E1B41C6AB006DBDA4 /* QRScannerViewController.h */,
				5537593F1B41C6AB006DBDA4 /* QRScannerViewController.m */,
				5EB9F34A1B41C1A500963598 /* Main.storyboard */,
				4A1BEA191B42F42200ADC6CF /* HomeViewController.h */,
				4A1BEA1A1B42F42200ADC6CF /* HomeViewController.m */,
				4A1BEA161B41F58000ADC6CF /* ContactsViewController.h */,
				4A1BEA171B41F58000ADC6CF /* ContactsViewController.m */,
				5EB9F34D1B41C1A500963598 /* Images.xcassets */,
				5EB9F34F1B41C1A500963598 /* LaunchScreen.xib */,
				4A1BEA1C1B42FC9B00ADC6CF /* Rolodex.jpg */,
				6EE604231B42051100E7A053 /* QRCode-Info.plist */,
				5EB9F3401B41C1A500963598 /* Supporting Files */,
			);
			path = Rolodex;
			sourceTree = "<group>";
		};
		5EB9F3401B41C1A500963598 /* Supporting Files */ = {
			isa = PBXGroup;
			children = (
				5EB9F3411B41C1A500963598 /* Info.plist */,
				5EB9F3421B41C1A500963598 /* main.m */,
			);
			name = "Supporting Files";
			sourceTree = "<group>";
		};
		5EB9F3591B41C1A500963598 /* RolodexTests */ = {
			isa = PBXGroup;
			children = (
				5EB9F35C1B41C1A500963598 /* RolodexTests.m */,
				5EB9F35A1B41C1A500963598 /* Supporting Files */,
			);
			path = RolodexTests;
			sourceTree = "<group>";
		};
		5EB9F35A1B41C1A500963598 /* Supporting Files */ = {
			isa = PBXGroup;
			children = (
				5EB9F35B1B41C1A500963598 /* Info.plist */,
			);
			name = "Supporting Files";
			sourceTree = "<group>";
		};
		6EBCEA831B4210050001BEF5 /* libqrencode */ = {
			isa = PBXGroup;
			children = (
				6EBCEA841B4210050001BEF5 /* bitstream.c */,
				6EBCEA851B4210050001BEF5 /* bitstream.h */,
				6EBCEA861B4210050001BEF5 /* mask.c */,
				6EBCEA871B4210050001BEF5 /* mask.h */,
				6EBCEA881B4210050001BEF5 /* qrencode.c */,
				6EBCEA891B4210050001BEF5 /* qrencode.h */,
				6EBCEA8A1B4210050001BEF5 /* qrinput.c */,
				6EBCEA8B1B4210050001BEF5 /* qrinput.h */,
				6EBCEA8C1B4210050001BEF5 /* qrspec.c */,
				6EBCEA8D1B4210050001BEF5 /* qrspec.h */,
				6EBCEA8E1B4210050001BEF5 /* rscode.c */,
				6EBCEA8F1B4210050001BEF5 /* rscode.h */,
				6EBCEA901B4210050001BEF5 /* split.c */,
				6EBCEA911B4210050001BEF5 /* split.h */,
			);
			path = libqrencode;
			sourceTree = "<group>";
		};
/* End PBXGroup section */

/* Begin PBXNativeTarget section */
		5EB9F33C1B41C1A500963598 /* Rolodex */ = {
			isa = PBXNativeTarget;
			buildConfigurationList = 5EB9F3601B41C1A500963598 /* Build configuration list for PBXNativeTarget "Rolodex" */;
			buildPhases = (
				5EB9F3391B41C1A500963598 /* Sources */,
				5EB9F33A1B41C1A500963598 /* Frameworks */,
				5EB9F33B1B41C1A500963598 /* Resources */,
			);
			buildRules = (
			);
			dependencies = (
			);
			name = Rolodex;
			productName = Rolodex;
			productReference = 5EB9F33D1B41C1A500963598 /* Rolodex.app */;
			productType = "com.apple.product-type.application";
		};
		5EB9F3551B41C1A500963598 /* RolodexTests */ = {
			isa = PBXNativeTarget;
			buildConfigurationList = 5EB9F3631B41C1A500963598 /* Build configuration list for PBXNativeTarget "RolodexTests" */;
			buildPhases = (
				5EB9F3521B41C1A500963598 /* Sources */,
				5EB9F3531B41C1A500963598 /* Frameworks */,
				5EB9F3541B41C1A500963598 /* Resources */,
			);
			buildRules = (
			);
			dependencies = (
				5EB9F3581B41C1A500963598 /* PBXTargetDependency */,
			);
			name = RolodexTests;
			productName = RolodexTests;
			productReference = 5EB9F3561B41C1A500963598 /* RolodexTests.xctest */;
			productType = "com.apple.product-type.bundle.unit-test";
		};
/* End PBXNativeTarget section */

/* Begin PBXProject section */
		5EB9F3351B41C1A500963598 /* Project object */ = {
			isa = PBXProject;
			attributes = {
				LastUpgradeCheck = 0630;
				ORGANIZATIONNAME = Rolodex;
				TargetAttributes = {
					5EB9F33C1B41C1A500963598 = {
						CreatedOnToolsVersion = 6.3.2;
					};
					5EB9F3551B41C1A500963598 = {
						CreatedOnToolsVersion = 6.3.2;
						TestTargetID = 5EB9F33C1B41C1A500963598;
					};
				};
			};
			buildConfigurationList = 5EB9F3381B41C1A500963598 /* Build configuration list for PBXProject "Rolodex" */;
			compatibilityVersion = "Xcode 3.2";
			developmentRegion = English;
			hasScannedForEncodings = 0;
			knownRegions = (
				en,
				Base,
			);
			mainGroup = 5EB9F3341B41C1A500963598;
			productRefGroup = 5EB9F33E1B41C1A500963598 /* Products */;
			projectDirPath = "";
			projectRoot = "";
			targets = (
				5EB9F33C1B41C1A500963598 /* Rolodex */,
				5EB9F3551B41C1A500963598 /* RolodexTests */,
			);
		};
/* End PBXProject section */

/* Begin PBXResourcesBuildPhase section */
		5EB9F33B1B41C1A500963598 /* Resources */ = {
			isa = PBXResourcesBuildPhase;
			buildActionMask = 2147483647;
			files = (
				5EB9F34C1B41C1A500963598 /* Main.storyboard in Resources */,
				5EB9F3511B41C1A500963598 /* LaunchScreen.xib in Resources */,
				6EE604251B42051100E7A053 /* QRCode-Info.plist in Resources */,
				5EB9F34E1B41C1A500963598 /* Images.xcassets in Resources */,
				4A1BEA1D1B42FC9B00ADC6CF /* Rolodex.jpg in Resources */,
			);
			runOnlyForDeploymentPostprocessing = 0;
		};
		5EB9F3541B41C1A500963598 /* Resources */ = {
			isa = PBXResourcesBuildPhase;
			buildActionMask = 2147483647;
			files = (
			);
			runOnlyForDeploymentPostprocessing = 0;
		};
/* End PBXResourcesBuildPhase section */

/* Begin PBXSourcesBuildPhase section */
		5EB9F3391B41C1A500963598 /* Sources */ = {
			isa = PBXSourcesBuildPhase;
			buildActionMask = 2147483647;
			files = (
				6EBCEA9B1B4216690001BEF5 /* UIImage+MDQRCode.m in Sources */,
				6EBCEA981B4210050001BEF5 /* split.c in Sources */,
				553759401B41C6AB006DBDA4 /* QRScannerViewController.m in Sources */,
				6EBCEA921B4210050001BEF5 /* bitstream.c in Sources */,
				6EBCEA971B4210050001BEF5 /* rscode.c in Sources */,
				6EBCEA961B4210050001BEF5 /* qrspec.c in Sources */,
				5EB9F3491B41C1A500963598 /* ViewController.m in Sources */,
				6EBCEA941B4210050001BEF5 /* qrencode.c in Sources */,
				6EBCEA951B4210050001BEF5 /* qrinput.c in Sources */,
				4A1BEA181B41F58000ADC6CF /* ContactsViewController.m in Sources */,
				6EBCEA931B4210050001BEF5 /* mask.c in Sources */,
				5EB9F3461B41C1A500963598 /* AppDelegate.m in Sources */,
				5EB9F3431B41C1A500963598 /* main.m in Sources */,
				4A1BEA1B1B42F42200ADC6CF /* HomeViewController.m in Sources */,
			);
			runOnlyForDeploymentPostprocessing = 0;
		};
		5EB9F3521B41C1A500963598 /* Sources */ = {
			isa = PBXSourcesBuildPhase;
			buildActionMask = 2147483647;
			files = (
				5EB9F35D1B41C1A500963598 /* RolodexTests.m in Sources */,
			);
			runOnlyForDeploymentPostprocessing = 0;
		};
/* End PBXSourcesBuildPhase section */

/* Begin PBXTargetDependency section */
		5EB9F3581B41C1A500963598 /* PBXTargetDependency */ = {
			isa = PBXTargetDependency;
			target = 5EB9F33C1B41C1A500963598 /* Rolodex */;
			targetProxy = 5EB9F3571B41C1A500963598 /* PBXContainerItemProxy */;
		};
/* End PBXTargetDependency section */

/* Begin PBXVariantGroup section */
		5EB9F34A1B41C1A500963598 /* Main.storyboard */ = {
			isa = PBXVariantGroup;
			children = (
				5EB9F34B1B41C1A500963598 /* Base */,
			);
			name = Main.storyboard;
			sourceTree = "<group>";
		};
		5EB9F34F1B41C1A500963598 /* LaunchScreen.xib */ = {
			isa = PBXVariantGroup;
			children = (
				5EB9F3501B41C1A500963598 /* Base */,
			);
			name = LaunchScreen.xib;
			sourceTree = "<group>";
		};
/* End PBXVariantGroup section */

/* Begin XCBuildConfiguration section */
		5EB9F35E1B41C1A500963598 /* Debug */ = {
			isa = XCBuildConfiguration;
			buildSettings = {
				ALWAYS_SEARCH_USER_PATHS = NO;
				CLANG_CXX_LANGUAGE_STANDARD = "gnu++0x";
				CLANG_CXX_LIBRARY = "libc++";
				CLANG_ENABLE_MODULES = YES;
				CLANG_ENABLE_OBJC_ARC = YES;
				CLANG_WARN_BOOL_CONVERSION = YES;
				CLANG_WARN_CONSTANT_CONVERSION = YES;
				CLANG_WARN_DIRECT_OBJC_ISA_USAGE = YES_ERROR;
				CLANG_WARN_EMPTY_BODY = YES;
				CLANG_WARN_ENUM_CONVERSION = YES;
				CLANG_WARN_INT_CONVERSION = YES;
				CLANG_WARN_OBJC_ROOT_CLASS = YES_ERROR;
				CLANG_WARN_UNREACHABLE_CODE = YES;
				CLANG_WARN__DUPLICATE_METHOD_MATCH = YES;
				"CODE_SIGN_IDENTITY[sdk=iphoneos*]" = "iPhone Developer";
				COPY_PHASE_STRIP = NO;
				DEBUG_INFORMATION_FORMAT = "dwarf-with-dsym";
				ENABLE_STRICT_OBJC_MSGSEND = YES;
				GCC_C_LANGUAGE_STANDARD = gnu99;
				GCC_DYNAMIC_NO_PIC = NO;
				GCC_NO_COMMON_BLOCKS = YES;
				GCC_OPTIMIZATION_LEVEL = 0;
				GCC_PREPROCESSOR_DEFINITIONS = (
					"DEBUG=1",
					"$(inherited)",
				);
				GCC_SYMBOLS_PRIVATE_EXTERN = NO;
				GCC_WARN_64_TO_32_BIT_CONVERSION = YES;
				GCC_WARN_ABOUT_RETURN_TYPE = YES_ERROR;
				GCC_WARN_UNDECLARED_SELECTOR = YES;
				GCC_WARN_UNINITIALIZED_AUTOS = YES_AGGRESSIVE;
				GCC_WARN_UNUSED_FUNCTION = YES;
				GCC_WARN_UNUSED_VARIABLE = YES;
				IPHONEOS_DEPLOYMENT_TARGET = 8.3;
				MTL_ENABLE_DEBUG_INFO = YES;
				ONLY_ACTIVE_ARCH = YES;
				SDKROOT = iphoneos;
			};
			name = Debug;
		};
		5EB9F35F1B41C1A500963598 /* Release */ = {
			isa = XCBuildConfiguration;
			buildSettings = {
				ALWAYS_SEARCH_USER_PATHS = NO;
				CLANG_CXX_LANGUAGE_STANDARD = "gnu++0x";
				CLANG_CXX_LIBRARY = "libc++";
				CLANG_ENABLE_MODULES = YES;
				CLANG_ENABLE_OBJC_ARC = YES;
				CLANG_WARN_BOOL_CONVERSION = YES;
				CLANG_WARN_CONSTANT_CONVERSION = YES;
				CLANG_WARN_DIRECT_OBJC_ISA_USAGE = YES_ERROR;
				CLANG_WARN_EMPTY_BODY = YES;
				CLANG_WARN_ENUM_CONVERSION = YES;
				CLANG_WARN_INT_CONVERSION = YES;
				CLANG_WARN_OBJC_ROOT_CLASS = YES_ERROR;
				CLANG_WARN_UNREACHABLE_CODE = YES;
				CLANG_WARN__DUPLICATE_METHOD_MATCH = YES;
				"CODE_SIGN_IDENTITY[sdk=iphoneos*]" = "iPhone Developer";
				COPY_PHASE_STRIP = NO;
				DEBUG_INFORMATION_FORMAT = "dwarf-with-dsym";
				ENABLE_NS_ASSERTIONS = NO;
				ENABLE_STRICT_OBJC_MSGSEND = YES;
				GCC_C_LANGUAGE_STANDARD = gnu99;
				GCC_NO_COMMON_BLOCKS = YES;
				GCC_WARN_64_TO_32_BIT_CONVERSION = YES;
				GCC_WARN_ABOUT_RETURN_TYPE = YES_ERROR;
				GCC_WARN_UNDECLARED_SELECTOR = YES;
				GCC_WARN_UNINITIALIZED_AUTOS = YES_AGGRESSIVE;
				GCC_WARN_UNUSED_FUNCTION = YES;
				GCC_WARN_UNUSED_VARIABLE = YES;
				IPHONEOS_DEPLOYMENT_TARGET = 8.3;
				MTL_ENABLE_DEBUG_INFO = NO;
				SDKROOT = iphoneos;
				VALIDATE_PRODUCT = YES;
			};
			name = Release;
		};
		5EB9F3611B41C1A500963598 /* Debug */ = {
			isa = XCBuildConfiguration;
			buildSettings = {
				ASSETCATALOG_COMPILER_APPICON_NAME = AppIcon;
				INFOPLIST_FILE = Rolodex/Info.plist;
				LD_RUNPATH_SEARCH_PATHS = "$(inherited) @executable_path/Frameworks";
				PRODUCT_NAME = "$(TARGET_NAME)";
			};
			name = Debug;
		};
		5EB9F3621B41C1A500963598 /* Release */ = {
			isa = XCBuildConfiguration;
			buildSettings = {
				ASSETCATALOG_COMPILER_APPICON_NAME = AppIcon;
				INFOPLIST_FILE = Rolodex/Info.plist;
				LD_RUNPATH_SEARCH_PATHS = "$(inherited) @executable_path/Frameworks";
				PRODUCT_NAME = "$(TARGET_NAME)";
			};
			name = Release;
		};
		5EB9F3641B41C1A500963598 /* Debug */ = {
			isa = XCBuildConfiguration;
			buildSettings = {
				BUNDLE_LOADER = "$(TEST_HOST)";
				FRAMEWORK_SEARCH_PATHS = (
					"$(SDKROOT)/Developer/Library/Frameworks",
					"$(inherited)",
				);
				GCC_PREPROCESSOR_DEFINITIONS = (
					"DEBUG=1",
					"$(inherited)",
				);
				INFOPLIST_FILE = RolodexTests/Info.plist;
				LD_RUNPATH_SEARCH_PATHS = "$(inherited) @executable_path/Frameworks @loader_path/Frameworks";
				PRODUCT_NAME = "$(TARGET_NAME)";
				TEST_HOST = "$(BUILT_PRODUCTS_DIR)/Rolodex.app/Rolodex";
			};
			name = Debug;
		};
		5EB9F3651B41C1A500963598 /* Release */ = {
			isa = XCBuildConfiguration;
			buildSettings = {
				BUNDLE_LOADER = "$(TEST_HOST)";
				FRAMEWORK_SEARCH_PATHS = (
					"$(SDKROOT)/Developer/Library/Frameworks",
					"$(inherited)",
				);
				INFOPLIST_FILE = RolodexTests/Info.plist;
				LD_RUNPATH_SEARCH_PATHS = "$(inherited) @executable_path/Frameworks @loader_path/Frameworks";
				PRODUCT_NAME = "$(TARGET_NAME)";
				TEST_HOST = "$(BUILT_PRODUCTS_DIR)/Rolodex.app/Rolodex";
			};
			name = Release;
		};
/* End XCBuildConfiguration section */

/* Begin XCConfigurationList section */
		5EB9F3381B41C1A500963598 /* Build configuration list for PBXProject "Rolodex" */ = {
			isa = XCConfigurationList;
			buildConfigurations = (
				5EB9F35E1B41C1A500963598 /* Debug */,
				5EB9F35F1B41C1A500963598 /* Release */,
			);
			defaultConfigurationIsVisible = 0;
			defaultConfigurationName = Release;
		};
		5EB9F3601B41C1A500963598 /* Build configuration list for PBXNativeTarget "Rolodex" */ = {
			isa = XCConfigurationList;
			buildConfigurations = (
				5EB9F3611B41C1A500963598 /* Debug */,
				5EB9F3621B41C1A500963598 /* Release */,
			);
			defaultConfigurationIsVisible = 0;
			defaultConfigurationName = Release;
		};
		5EB9F3631B41C1A500963598 /* Build configuration list for PBXNativeTarget "RolodexTests" */ = {
			isa = XCConfigurationList;
			buildConfigurations = (
				5EB9F3641B41C1A500963598 /* Debug */,
				5EB9F3651B41C1A500963598 /* Release */,
			);
			defaultConfigurationIsVisible = 0;
			defaultConfigurationName = Release;
		};
/* End XCConfigurationList section */
	};
	rootObject = 5EB9F3351B41C1A500963598 /* Project object */;
}
